github.com/ahmetb/govvv v0.2.0 h1:3rzpWlytDIDQfL64/Kbjs88tNJltY9E8sk1tNju6FAU=
github.com/ahmetb/govvv v0.2.0/go.mod h1:4WRFpdWtc/YtKgPFwa1dr5+9hiRY5uKAL08bOlxOR6s=
github.com/gorilla/mux v1.7.3 h1:gnP5JzjVOuiZD07fKKToCAOjS0yOpj/qPETTXCCS6hw=
github.com/gorilla/mux v1.7.3/go.mod h1:1lud6UwP+6orDFRuTfBEV8e9/aOM/c4fVVCaMa2zaAs=
